
Microsoft Visual Studio Solution File, Format Version 12.00
# Visual Studio Version 17
VisualStudioVersion = 17.12.35521.163
MinimumVisualStudioVersion = 10.0.40219.1
Project("{FAE04EC0-301F-11D3-BF4B-00C04F79EFBC}") = "DesignPatterns", "DesignPatterns\DesignPatterns.csproj", "{864569F2-68FB-4444-A337-BB01D4F267AB}"
EndProject
Project("{2150E333-8FDC-42A3-9474-1A3956D46DE8}") = "M003_DesignPatterns", "M003_DesignPatterns", "{BCD707EB-B003-478A-AD13-C83A9C1F450D}"
EndProject
Project("{2150E333-8FDC-42A3-9474-1A3956D46DE8}") = "Solution Items", "Solution Items", "{25F68C7F-C7E8-4A04-9547-7EC4CFB05EB2}"
	ProjectSection(SolutionItems) = preProject
		README.md = README.md
	EndProjectSection
EndProject
Project("{FAE04EC0-301F-11D3-BF4B-00C04F79EFBC}") = "LabDesignPatterns", "LabDesignPatterns\LabDesignPatterns.csproj", "{D0C38611-1A54-452A-9125-C519140CDAF3}"
EndProject
Project("{2150E333-8FDC-42A3-9474-1A3956D46DE8}") = "M004_DesignPrinciples", "M004_DesignPrinciples", "{09776DC0-1478-46B6-B4AC-6109B0B9FE62}"
EndProject
Project("{FAE04EC0-301F-11D3-BF4B-00C04F79EFBC}") = "DesignPrinciples", "DesignPrinciples\DesignPrinciples.csproj", "{DC45AA52-4352-4443-AB7A-EF576A627B88}"
EndProject
Project("{2150E333-8FDC-42A3-9474-1A3956D46DE8}") = "M100_Linq", "M100_Linq", "{E884B723-348D-4F63-A711-A928086097CA}"
EndProject
Project("{FAE04EC0-301F-11D3-BF4B-00C04F79EFBC}") = "LinqSamples", "LinqSamples\LinqSamples.csproj", "{2F11D81D-BB40-477D-8B0C-0D18F927CEE9}"
EndProject
Project("{FAE04EC0-301F-11D3-BF4B-00C04F79EFBC}") = "LabLinqPersonen", "LabLinqPersonen\LabLinqPersonen.csproj", "{15BD0888-CAF5-42E5-BFC0-34131B7F6F2B}"
EndProject
Project("{2150E333-8FDC-42A3-9474-1A3956D46DE8}") = "M005_EventSourcing", "M005_EventSourcing", "{4D4A8B78-07BC-4D97-9582-295F06277A97}"
EndProject
Project("{FAE04EC0-301F-11D3-BF4B-00C04F79EFBC}") = "EventSourcing", "EventSourcing\EventSourcing.csproj", "{52059202-B599-421C-AEB1-32AB9CDACA5B}"
EndProject
Project("{FAE04EC0-301F-11D3-BF4B-00C04F79EFBC}") = "LabEventSourcing", "LabEventSourcing\LabEventSourcing.csproj", "{D946CF74-5836-48B4-8B22-A6BAF52441D0}"
EndProject
Project("{2150E333-8FDC-42A3-9474-1A3956D46DE8}") = "M006_CQRS", "M006_CQRS", "{E5B69168-0D4B-4DFE-898A-06B1F5724785}"
EndProject
Project("{FAE04EC0-301F-11D3-BF4B-00C04F79EFBC}") = "OrderService.WebApi", "OrderService.WebApi\OrderService.WebApi.csproj", "{20CB8514-D157-4541-A67A-496F793F5DDA}"
EndProject
Project("{FAE04EC0-301F-11D3-BF4B-00C04F79EFBC}") = "LabBankAccount.WebApi", "LabBankAccount.WebApi\LabBankAccount.WebApi.csproj", "{DFE689BA-F79A-4B5E-AB44-45223A85BF93}"
EndProject
Project("{2150E333-8FDC-42A3-9474-1A3956D46DE8}") = "M007_BusinessApp", "M007_BusinessApp", "{50BF25C3-78B1-4557-A49A-D16B9EBDAB59}"
EndProject
Project("{FAE04EC0-301F-11D3-BF4B-00C04F79EFBC}") = "LibraryHub.Domain", "LibraryHub.Domain\LibraryHub.Domain.csproj", "{17A8E6F8-F9DE-4A51-A8F2-B57D4AC38A7F}"
EndProject
Project("{FAE04EC0-301F-11D3-BF4B-00C04F79EFBC}") = "LibraryHub.DataAccess", "LibraryHub.DataAccess\LibraryHub.DataAccess.csproj", "{12FA8C92-865A-4964-AE2A-3FE40A803A81}"
EndProject
Project("{FAE04EC0-301F-11D3-BF4B-00C04F79EFBC}") = "LibraryHub.Business.Core", "LibraryHub.Business.Core\LibraryHub.Business.Core.csproj", "{7486EABE-BED0-437D-A938-BE83EA422BB6}"
EndProject
Project("{FAE04EC0-301F-11D3-BF4B-00C04F79EFBC}") = "LibraryHub.UI.WebApi", "LibraryHub.UI.WebApi\LibraryHub.UI.WebApi.csproj", "{71F2320F-1A9F-4857-96DE-A6147C83642D}"
EndProject
Project("{FAE04EC0-301F-11D3-BF4B-00C04F79EFBC}") = "LibraryHub.DataAccess.Tests", "LibraryHub.DataAccess.Tests\LibraryHub.DataAccess.Tests.csproj", "{2E6B65C3-FB96-4BDB-8A4D-8207DA51F5BE}"
EndProject
Project("{2150E333-8FDC-42A3-9474-1A3956D46DE8}") = "M101_UnitTests", "M101_UnitTests", "{42835D4E-DAE4-4B42-AC86-AFCD1EA007E5}"
EndProject
Project("{FAE04EC0-301F-11D3-BF4B-00C04F79EFBC}") = "Primenumbers", "Primenumber\Primenumbers.csproj", "{E7736FA0-0C58-4FE1-999F-120CAE394E6A}"
EndProject
Project("{FAE04EC0-301F-11D3-BF4B-00C04F79EFBC}") = "Primenumber.Tests", "Primenumber.Tests\Primenumber.Tests.csproj", "{7E7E954B-22D8-4ED4-9D33-40B0C6356655}"
EndProject
Project("{FAE04EC0-301F-11D3-BF4B-00C04F79EFBC}") = "LibraryHub.Business.Core.Tests", "LibraryHub.Business.Core.Tests\LibraryHub.Business.Core.Tests.csproj", "{EC8B5459-8D94-408E-AE0C-0103D7180B43}"
EndProject
Global
	GlobalSection(SolutionConfigurationPlatforms) = preSolution
		Debug|Any CPU = Debug|Any CPU
		Release|Any CPU = Release|Any CPU
	EndGlobalSection
	GlobalSection(ProjectConfigurationPlatforms) = postSolution
		{864569F2-68FB-4444-A337-BB01D4F267AB}.Debug|Any CPU.ActiveCfg = Debug|Any CPU
		{864569F2-68FB-4444-A337-BB01D4F267AB}.Debug|Any CPU.Build.0 = Debug|Any CPU
		{864569F2-68FB-4444-A337-BB01D4F267AB}.Release|Any CPU.ActiveCfg = Release|Any CPU
		{864569F2-68FB-4444-A337-BB01D4F267AB}.Release|Any CPU.Build.0 = Release|Any CPU
		{D0C38611-1A54-452A-9125-C519140CDAF3}.Debug|Any CPU.ActiveCfg = Debug|Any CPU
		{D0C38611-1A54-452A-9125-C519140CDAF3}.Debug|Any CPU.Build.0 = Debug|Any CPU
		{D0C38611-1A54-452A-9125-C519140CDAF3}.Release|Any CPU.ActiveCfg = Release|Any CPU
		{D0C38611-1A54-452A-9125-C519140CDAF3}.Release|Any CPU.Build.0 = Release|Any CPU
		{DC45AA52-4352-4443-AB7A-EF576A627B88}.Debug|Any CPU.ActiveCfg = Debug|Any CPU
		{DC45AA52-4352-4443-AB7A-EF576A627B88}.Debug|Any CPU.Build.0 = Debug|Any CPU
		{DC45AA52-4352-4443-AB7A-EF576A627B88}.Release|Any CPU.ActiveCfg = Release|Any CPU
		{DC45AA52-4352-4443-AB7A-EF576A627B88}.Release|Any CPU.Build.0 = Release|Any CPU
		{2F11D81D-BB40-477D-8B0C-0D18F927CEE9}.Debug|Any CPU.ActiveCfg = Debug|Any CPU
		{2F11D81D-BB40-477D-8B0C-0D18F927CEE9}.Debug|Any CPU.Build.0 = Debug|Any CPU
		{2F11D81D-BB40-477D-8B0C-0D18F927CEE9}.Release|Any CPU.ActiveCfg = Release|Any CPU
		{2F11D81D-BB40-477D-8B0C-0D18F927CEE9}.Release|Any CPU.Build.0 = Release|Any CPU
		{15BD0888-CAF5-42E5-BFC0-34131B7F6F2B}.Debug|Any CPU.ActiveCfg = Debug|Any CPU
		{15BD0888-CAF5-42E5-BFC0-34131B7F6F2B}.Debug|Any CPU.Build.0 = Debug|Any CPU
		{15BD0888-CAF5-42E5-BFC0-34131B7F6F2B}.Release|Any CPU.ActiveCfg = Release|Any CPU
		{15BD0888-CAF5-42E5-BFC0-34131B7F6F2B}.Release|Any CPU.Build.0 = Release|Any CPU
		{52059202-B599-421C-AEB1-32AB9CDACA5B}.Debug|Any CPU.ActiveCfg = Debug|Any CPU
		{52059202-B599-421C-AEB1-32AB9CDACA5B}.Debug|Any CPU.Build.0 = Debug|Any CPU
		{52059202-B599-421C-AEB1-32AB9CDACA5B}.Release|Any CPU.ActiveCfg = Release|Any CPU
		{52059202-B599-421C-AEB1-32AB9CDACA5B}.Release|Any CPU.Build.0 = Release|Any CPU
		{D946CF74-5836-48B4-8B22-A6BAF52441D0}.Debug|Any CPU.ActiveCfg = Debug|Any CPU
		{D946CF74-5836-48B4-8B22-A6BAF52441D0}.Debug|Any CPU.Build.0 = Debug|Any CPU
		{D946CF74-5836-48B4-8B22-A6BAF52441D0}.Release|Any CPU.ActiveCfg = Release|Any CPU
		{D946CF74-5836-48B4-8B22-A6BAF52441D0}.Release|Any CPU.Build.0 = Release|Any CPU
		{20CB8514-D157-4541-A67A-496F793F5DDA}.Debug|Any CPU.ActiveCfg = Debug|Any CPU
		{20CB8514-D157-4541-A67A-496F793F5DDA}.Debug|Any CPU.Build.0 = Debug|Any CPU
		{20CB8514-D157-4541-A67A-496F793F5DDA}.Release|Any CPU.ActiveCfg = Release|Any CPU
		{20CB8514-D157-4541-A67A-496F793F5DDA}.Release|Any CPU.Build.0 = Release|Any CPU
		{DFE689BA-F79A-4B5E-AB44-45223A85BF93}.Debug|Any CPU.ActiveCfg = Debug|Any CPU
		{DFE689BA-F79A-4B5E-AB44-45223A85BF93}.Debug|Any CPU.Build.0 = Debug|Any CPU
		{DFE689BA-F79A-4B5E-AB44-45223A85BF93}.Release|Any CPU.ActiveCfg = Release|Any CPU
		{DFE689BA-F79A-4B5E-AB44-45223A85BF93}.Release|Any CPU.Build.0 = Release|Any CPU
		{17A8E6F8-F9DE-4A51-A8F2-B57D4AC38A7F}.Debug|Any CPU.ActiveCfg = Debug|Any CPU
		{17A8E6F8-F9DE-4A51-A8F2-B57D4AC38A7F}.Debug|Any CPU.Build.0 = Debug|Any CPU
		{17A8E6F8-F9DE-4A51-A8F2-B57D4AC38A7F}.Release|Any CPU.ActiveCfg = Release|Any CPU
		{17A8E6F8-F9DE-4A51-A8F2-B57D4AC38A7F}.Release|Any CPU.Build.0 = Release|Any CPU
		{12FA8C92-865A-4964-AE2A-3FE40A803A81}.Debug|Any CPU.ActiveCfg = Debug|Any CPU
		{12FA8C92-865A-4964-AE2A-3FE40A803A81}.Debug|Any CPU.Build.0 = Debug|Any CPU
		{12FA8C92-865A-4964-AE2A-3FE40A803A81}.Release|Any CPU.ActiveCfg = Release|Any CPU
		{12FA8C92-865A-4964-AE2A-3FE40A803A81}.Release|Any CPU.Build.0 = Release|Any CPU
		{7486EABE-BED0-437D-A938-BE83EA422BB6}.Debug|Any CPU.ActiveCfg = Debug|Any CPU
		{7486EABE-BED0-437D-A938-BE83EA422BB6}.Debug|Any CPU.Build.0 = Debug|Any CPU
		{7486EABE-BED0-437D-A938-BE83EA422BB6}.Release|Any CPU.ActiveCfg = Release|Any CPU
		{7486EABE-BED0-437D-A938-BE83EA422BB6}.Release|Any CPU.Build.0 = Release|Any CPU
		{71F2320F-1A9F-4857-96DE-A6147C83642D}.Debug|Any CPU.ActiveCfg = Debug|Any CPU
		{71F2320F-1A9F-4857-96DE-A6147C83642D}.Debug|Any CPU.Build.0 = Debug|Any CPU
		{71F2320F-1A9F-4857-96DE-A6147C83642D}.Release|Any CPU.ActiveCfg = Release|Any CPU
		{71F2320F-1A9F-4857-96DE-A6147C83642D}.Release|Any CPU.Build.0 = Release|Any CPU
		{2E6B65C3-FB96-4BDB-8A4D-8207DA51F5BE}.Debug|Any CPU.ActiveCfg = Debug|Any CPU
		{2E6B65C3-FB96-4BDB-8A4D-8207DA51F5BE}.Debug|Any CPU.Build.0 = Debug|Any CPU
		{2E6B65C3-FB96-4BDB-8A4D-8207DA51F5BE}.Release|Any CPU.ActiveCfg = Release|Any CPU
		{2E6B65C3-FB96-4BDB-8A4D-8207DA51F5BE}.Release|Any CPU.Build.0 = Release|Any CPU
		{E7736FA0-0C58-4FE1-999F-120CAE394E6A}.Debug|Any CPU.ActiveCfg = Debug|Any CPU
		{E7736FA0-0C58-4FE1-999F-120CAE394E6A}.Debug|Any CPU.Build.0 = Debug|Any CPU
		{E7736FA0-0C58-4FE1-999F-120CAE394E6A}.Release|Any CPU.ActiveCfg = Release|Any CPU
		{E7736FA0-0C58-4FE1-999F-120CAE394E6A}.Release|Any CPU.Build.0 = Release|Any CPU
		{7E7E954B-22D8-4ED4-9D33-40B0C6356655}.Debug|Any CPU.ActiveCfg = Debug|Any CPU
		{7E7E954B-22D8-4ED4-9D33-40B0C6356655}.Debug|Any CPU.Build.0 = Debug|Any CPU
		{7E7E954B-22D8-4ED4-9D33-40B0C6356655}.Release|Any CPU.ActiveCfg = Release|Any CPU
		{7E7E954B-22D8-4ED4-9D33-40B0C6356655}.Release|Any CPU.Build.0 = Release|Any CPU
		{EC8B5459-8D94-408E-AE0C-0103D7180B43}.Debug|Any CPU.ActiveCfg = Debug|Any CPU
		{EC8B5459-8D94-408E-AE0C-0103D7180B43}.Debug|Any CPU.Build.0 = Debug|Any CPU
		{EC8B5459-8D94-408E-AE0C-0103D7180B43}.Release|Any CPU.ActiveCfg = Release|Any CPU
		{EC8B5459-8D94-408E-AE0C-0103D7180B43}.Release|Any CPU.Build.0 = Release|Any CPU
	EndGlobalSection
	GlobalSection(SolutionProperties) = preSolution
		HideSolutionNode = FALSE
	EndGlobalSection
	GlobalSection(NestedProjects) = preSolution
		{864569F2-68FB-4444-A337-BB01D4F267AB} = {BCD707EB-B003-478A-AD13-C83A9C1F450D}
		{D0C38611-1A54-452A-9125-C519140CDAF3} = {BCD707EB-B003-478A-AD13-C83A9C1F450D}
		{DC45AA52-4352-4443-AB7A-EF576A627B88} = {09776DC0-1478-46B6-B4AC-6109B0B9FE62}
		{2F11D81D-BB40-477D-8B0C-0D18F927CEE9} = {E884B723-348D-4F63-A711-A928086097CA}
		{15BD0888-CAF5-42E5-BFC0-34131B7F6F2B} = {E884B723-348D-4F63-A711-A928086097CA}
		{52059202-B599-421C-AEB1-32AB9CDACA5B} = {4D4A8B78-07BC-4D97-9582-295F06277A97}
		{D946CF74-5836-48B4-8B22-A6BAF52441D0} = {4D4A8B78-07BC-4D97-9582-295F06277A97}
		{20CB8514-D157-4541-A67A-496F793F5DDA} = {E5B69168-0D4B-4DFE-898A-06B1F5724785}
		{DFE689BA-F79A-4B5E-AB44-45223A85BF93} = {E5B69168-0D4B-4DFE-898A-06B1F5724785}
		{17A8E6F8-F9DE-4A51-A8F2-B57D4AC38A7F} = {50BF25C3-78B1-4557-A49A-D16B9EBDAB59}
		{12FA8C92-865A-4964-AE2A-3FE40A803A81} = {50BF25C3-78B1-4557-A49A-D16B9EBDAB59}
		{7486EABE-BED0-437D-A938-BE83EA422BB6} = {50BF25C3-78B1-4557-A49A-D16B9EBDAB59}
		{71F2320F-1A9F-4857-96DE-A6147C83642D} = {50BF25C3-78B1-4557-A49A-D16B9EBDAB59}
		{2E6B65C3-FB96-4BDB-8A4D-8207DA51F5BE} = {50BF25C3-78B1-4557-A49A-D16B9EBDAB59}
		{E7736FA0-0C58-4FE1-999F-120CAE394E6A} = {42835D4E-DAE4-4B42-AC86-AFCD1EA007E5}
		{7E7E954B-22D8-4ED4-9D33-40B0C6356655} = {42835D4E-DAE4-4B42-AC86-AFCD1EA007E5}
		{EC8B5459-8D94-408E-AE0C-0103D7180B43} = {50BF25C3-78B1-4557-A49A-D16B9EBDAB59}
	EndGlobalSection
EndGlobal
